
Microsoft Visual Studio Solution File, Format Version 12.00
# Visual Studio 15
VisualStudioVersion = 15.0.28307.329
MinimumVisualStudioVersion = 10.0.40219.1
Project("{FAE04EC0-301F-11D3-BF4B-00C04F79EFBC}") = "ATM", "ATM\ATM.csproj", "{B3E525D0-B8DD-4945-9401-B710A56BC496}"
EndProject
Project("{FAE04EC0-301F-11D3-BF4B-00C04F79EFBC}") = "ATM.Test.Unit", "ATM.Test.Unit\ATM.Test.Unit.csproj", "{8AEC3F1E-1BEA-4016-B705-588B662EAB7B}"
EndProject
Project("{FAE04EC0-301F-11D3-BF4B-00C04F79EFBC}") = "ATM.Application", "ATM.Application\ATM.Application.csproj", "{EC731D8B-8C0D-42DA-A55D-0A34E14A63A3}"
EndProject
Global
	GlobalSection(SolutionConfigurationPlatforms) = preSolution
		Debug|Any CPU = Debug|Any CPU
		Release|Any CPU = Release|Any CPU
	EndGlobalSection
	GlobalSection(ProjectConfigurationPlatforms) = postSolution
		{B3E525D0-B8DD-4945-9401-B710A56BC496}.Debug|Any CPU.ActiveCfg = Debug|Any CPU
		{B3E525D0-B8DD-4945-9401-B710A56BC496}.Debug|Any CPU.Build.0 = Debug|Any CPU
		{B3E525D0-B8DD-4945-9401-B710A56BC496}.Release|Any CPU.ActiveCfg = Release|Any CPU
		{B3E525D0-B8DD-4945-9401-B710A56BC496}.Release|Any CPU.Build.0 = Release|Any CPU
		{8AEC3F1E-1BEA-4016-B705-588B662EAB7B}.Debug|Any CPU.ActiveCfg = Debug|Any CPU
		{8AEC3F1E-1BEA-4016-B705-588B662EAB7B}.Debug|Any CPU.Build.0 = Debug|Any CPU
		{8AEC3F1E-1BEA-4016-B705-588B662EAB7B}.Release|Any CPU.ActiveCfg = Release|Any CPU
		{8AEC3F1E-1BEA-4016-B705-588B662EAB7B}.Release|Any CPU.Build.0 = Release|Any CPU
		{EC731D8B-8C0D-42DA-A55D-0A34E14A63A3}.Debug|Any CPU.ActiveCfg = Debug|Any CPU
		{EC731D8B-8C0D-42DA-A55D-0A34E14A63A3}.Debug|Any CPU.Build.0 = Debug|Any CPU
		{EC731D8B-8C0D-42DA-A55D-0A34E14A63A3}.Release|Any CPU.ActiveCfg = Release|Any CPU
		{EC731D8B-8C0D-42DA-A55D-0A34E14A63A3}.Release|Any CPU.Build.0 = Release|Any CPU
	EndGlobalSection
	GlobalSection(SolutionProperties) = preSolution
		HideSolutionNode = FALSE
	EndGlobalSection
	GlobalSection(ExtensibilityGlobals) = postSolution
		SolutionGuid = {BCBB2F87-F161-4773-A298-F30CFC55F522}
	EndGlobalSection
EndGlobal
